// !$*UTF8*$!
{
	archiveVersion = 1;
	classes = {
	};
	objectVersion = 50;
	objects = {

/* Begin PBXBuildFile section */
		B164E6DA20FC23EA005E636E /* ForecastService.swift in Sources */ = {isa = PBXBuildFile; fileRef = B164E6D920FC23EA005E636E /* ForecastService.swift */; };
		B164E6DC20FC2605005E636E /* CurrentWeather.swift in Sources */ = {isa = PBXBuildFile; fileRef = B164E6DB20FC2605005E636E /* CurrentWeather.swift */; };
		B19C621E20FC138B003D8CFC /* AppDelegate.swift in Sources */ = {isa = PBXBuildFile; fileRef = B19C621D20FC138B003D8CFC /* AppDelegate.swift */; };
		B19C622020FC138B003D8CFC /* ViewController.swift in Sources */ = {isa = PBXBuildFile; fileRef = B19C621F20FC138B003D8CFC /* ViewController.swift */; };
		B19C622320FC138B003D8CFC /* Main.storyboard in Resources */ = {isa = PBXBuildFile; fileRef = B19C622120FC138B003D8CFC /* Main.storyboard */; };
		B19C622520FC138D003D8CFC /* Assets.xcassets in Resources */ = {isa = PBXBuildFile; fileRef = B19C622420FC138D003D8CFC /* Assets.xcassets */; };
		B19C622820FC138D003D8CFC /* LaunchScreen.storyboard in Resources */ = {isa = PBXBuildFile; fileRef = B19C622620FC138D003D8CFC /* LaunchScreen.storyboard */; };
		B19C623020FC139E003D8CFC /* NetworkProcessor.swift in Sources */ = {isa = PBXBuildFile; fileRef = B19C622F20FC139E003D8CFC /* NetworkProcessor.swift */; };
/* End PBXBuildFile section */

/* Begin PBXFileReference section */
		B164E6D920FC23EA005E636E /* ForecastService.swift */ = {isa = PBXFileReference; lastKnownFileType = sourcecode.swift; path = ForecastService.swift; sourceTree = "<group>"; };
		B164E6DB20FC2605005E636E /* CurrentWeather.swift */ = {isa = PBXFileReference; lastKnownFileType = sourcecode.swift; path = CurrentWeather.swift; sourceTree = "<group>"; };
		B19C621A20FC138B003D8CFC /* NetworkAPI.app */ = {isa = PBXFileReference; explicitFileType = wrapper.application; includeInIndex = 0; path = NetworkAPI.app; sourceTree = BUILT_PRODUCTS_DIR; };
		B19C621D20FC138B003D8CFC /* AppDelegate.swift */ = {isa = PBXFileReference; lastKnownFileType = sourcecode.swift; path = AppDelegate.swift; sourceTree = "<group>"; };
		B19C621F20FC138B003D8CFC /* ViewController.swift */ = {isa = PBXFileReference; lastKnownFileType = sourcecode.swift; path = ViewController.swift; sourceTree = "<group>"; };
		B19C622220FC138B003D8CFC /* Base */ = {isa = PBXFileReference; lastKnownFileType = file.storyboard; name = Base; path = Base.lproj/Main.storyboard; sourceTree = "<group>"; };
		B19C622420FC138D003D8CFC /* Assets.xcassets */ = {isa = PBXFileReference; lastKnownFileType = folder.assetcatalog; path = Assets.xcassets; sourceTree = "<group>"; };
		B19C622720FC138D003D8CFC /* Base */ = {isa = PBXFileReference; lastKnownFileType = file.storyboard; name = Base; path = Base.lproj/LaunchScreen.storyboard; sourceTree = "<group>"; };
		B19C622920FC138D003D8CFC /* Info.plist */ = {isa = PBXFileReference; lastKnownFileType = text.plist.xml; path = Info.plist; sourceTree = "<group>"; };
		B19C622F20FC139E003D8CFC /* NetworkProcessor.swift */ = {isa = PBXFileReference; lastKnownFileType = sourcecode.swift; path = NetworkProcessor.swift; sourceTree = "<group>"; };
/* End PBXFileReference section */

/* Begin PBXFrameworksBuildPhase section */
		B19C621720FC138B003D8CFC /* Frameworks */ = {
			isa = PBXFrameworksBuildPhase;
			buildActionMask = 2147483647;
			files = (
			);
			runOnlyForDeploymentPostprocessing = 0;
		};
/* End PBXFrameworksBuildPhase section */

/* Begin PBXGroup section */
		B19C621120FC138B003D8CFC = {
			isa = PBXGroup;
			children = (
				B19C623120FC13A3003D8CFC /* Model */,
				B19C621C20FC138B003D8CFC /* NetworkAPI */,
				B19C621B20FC138B003D8CFC /* Products */,
			);
			sourceTree = "<group>";
		};
		B19C621B20FC138B003D8CFC /* Products */ = {
			isa = PBXGroup;
			children = (
				B19C621A20FC138B003D8CFC /* NetworkAPI.app */,
			);
			name = Products;
			sourceTree = "<group>";
		};
		B19C621C20FC138B003D8CFC /* NetworkAPI */ = {
			isa = PBXGroup;
			children = (
				B19C621D20FC138B003D8CFC /* AppDelegate.swift */,
				B19C621F20FC138B003D8CFC /* ViewController.swift */,
				B19C622120FC138B003D8CFC /* Main.storyboard */,
				B19C622420FC138D003D8CFC /* Assets.xcassets */,
				B19C622620FC138D003D8CFC /* LaunchScreen.storyboard */,
				B19C622920FC138D003D8CFC /* Info.plist */,
			);
			path = NetworkAPI;
			sourceTree = "<group>";
		};
		B19C623120FC13A3003D8CFC /* Model */ = {
			isa = PBXGroup;
			children = (
				B19C622F20FC139E003D8CFC /* NetworkProcessor.swift */,
				B164E6D920FC23EA005E636E /* ForecastService.swift */,
				B164E6DB20FC2605005E636E /* CurrentWeather.swift */,
			);
			path = Model;
			sourceTree = "<group>";
		};
/* End PBXGroup section */

/* Begin PBXNativeTarget section */
		B19C621920FC138B003D8CFC /* NetworkAPI */ = {
			isa = PBXNativeTarget;
			buildConfigurationList = B19C622C20FC138D003D8CFC /* Build configuration list for PBXNativeTarget "NetworkAPI" */;
			buildPhases = (
				B19C621620FC138B003D8CFC /* Sources */,
				B19C621720FC138B003D8CFC /* Frameworks */,
				B19C621820FC138B003D8CFC /* Resources */,
			);
			buildRules = (
			);
			dependencies = (
			);
			name = NetworkAPI;
			productName = NetworkAPI;
			productReference = B19C621A20FC138B003D8CFC /* NetworkAPI.app */;
			productType = "com.apple.product-type.application";
		};
/* End PBXNativeTarget section */

/* Begin PBXProject section */
		B19C621220FC138B003D8CFC /* Project object */ = {
			isa = PBXProject;
			attributes = {
				LastSwiftUpdateCheck = 0930;
				LastUpgradeCheck = 0930;
				ORGANIZATIONNAME = "Jason Villegas";
				TargetAttributes = {
					B19C621920FC138B003D8CFC = {
						CreatedOnToolsVersion = 9.3.1;
					};
				};
			};
			buildConfigurationList = B19C621520FC138B003D8CFC /* Build configuration list for PBXProject "NetworkAPI" */;
			compatibilityVersion = "Xcode 9.3";
			developmentRegion = en;
			hasScannedForEncodings = 0;
			knownRegions = (
				en,
				Base,
			);
			mainGroup = B19C621120FC138B003D8CFC;
			productRefGroup = B19C621B20FC138B003D8CFC /* Products */;
			projectDirPath = "";
			projectRoot = "";
			targets = (
				B19C621920FC138B003D8CFC /* NetworkAPI */,
			);
		};
/* End PBXProject section */

/* Begin PBXResourcesBuildPhase section */
		B19C621820FC138B003D8CFC /* Resources */ = {
			isa = PBXResourcesBuildPhase;
			buildActionMask = 2147483647;
			files = (
				B19C622820FC138D003D8CFC /* LaunchScreen.storyboard in Resources */,
				B19C622520FC138D003D8CFC /* Assets.xcassets in Resources */,
				B19C622320FC138B003D8CFC /* Main.storyboard in Resources */,
			);
			runOnlyForDeploymentPostprocessing = 0;
		};
/* End PBXResourcesBuildPhase section */

/* Begin PBXSourcesBuildPhase section */
		B19C621620FC138B003D8CFC /* Sources */ = {
			isa = PBXSourcesBuildPhase;
			buildActionMask = 2147483647;
			files = (
				B164E6DA20FC23EA005E636E /* ForecastService.swift in Sources */,
				B164E6DC20FC2605005E636E /* CurrentWeather.swift in Sources */,
				B19C623020FC139E003D8CFC /* NetworkProcessor.swift in Sources */,
				B19C622020FC138B003D8CFC /* ViewController.swift in Sources */,
				B19C621E20FC138B003D8CFC /* AppDelegate.swift in Sources */,
			);
			runOnlyForDeploymentPostprocessing = 0;
		};
/* End PBXSourcesBuildPhase section */

/* Begin PBXVariantGroup section */
		B19C622120FC138B003D8CFC /* Main.storyboard */ = {
			isa = PBXVariantGroup;
			children = (
				B19C622220FC138B003D8CFC /* Base */,
			);
			name = Main.storyboard;
			sourceTree = "<group>";
		};
		B19C622620FC138D003D8CFC /* LaunchScreen.storyboard */ = {
			isa = PBXVariantGroup;
			children = (
				B19C622720FC138D003D8CFC /* Base */,
			);
			name = LaunchScreen.storyboard;
			sourceTree = "<group>";
		};
/* End PBXVariantGroup section */

/* Begin XCBuildConfiguration section */
		B19C622A20FC138D003D8CFC /* Debug */ = {
			isa = XCBuildConfiguration;
			buildSettings = {
				ALWAYS_SEARCH_USER_PATHS = NO;
				CLANG_ANALYZER_NONNULL = YES;
				CLANG_ANALYZER_NUMBER_OBJECT_CONVERSION = YES_AGGRESSIVE;
				CLANG_CXX_LANGUAGE_STANDARD = "gnu++14";
				CLANG_CXX_LIBRARY = "libc++";
				CLANG_ENABLE_MODULES = YES;
				CLANG_ENABLE_OBJC_ARC = YES;
				CLANG_ENABLE_OBJC_WEAK = YES;
				CLANG_WARN_BLOCK_CAPTURE_AUTORELEASING = YES;
				CLANG_WARN_BOOL_CONVERSION = YES;
				CLANG_WARN_COMMA = YES;
				CLANG_WARN_CONSTANT_CONVERSION = YES;
				CLANG_WARN_DEPRECATED_OBJC_IMPLEMENTATIONS = YES;
				CLANG_WARN_DIRECT_OBJC_ISA_USAGE = YES_ERROR;
				CLANG_WARN_DOCUMENTATION_COMMENTS = YES;
				CLANG_WARN_EMPTY_BODY = YES;
				CLANG_WARN_ENUM_CONVERSION = YES;
				CLANG_WARN_INFINITE_RECURSION = YES;
				CLANG_WARN_INT_CONVERSION = YES;
				CLANG_WARN_NON_LITERAL_NULL_CONVERSION = YES;
				CLANG_WARN_OBJC_IMPLICIT_RETAIN_SELF = YES;
				CLANG_WARN_OBJC_LITERAL_CONVERSION = YES;
				CLANG_WARN_OBJC_ROOT_CLASS = YES_ERROR;
				CLANG_WARN_RANGE_LOOP_ANALYSIS = YES;
				CLANG_WARN_STRICT_PROTOTYPES = YES;
				CLANG_WARN_SUSPICIOUS_MOVE = YES;
				CLANG_WARN_UNGUARDED_AVAILABILITY = YES_AGGRESSIVE;
				CLANG_WARN_UNREACHABLE_CODE = YES;
				CLANG_WARN__DUPLICATE_METHOD_MATCH = YES;
				CODE_SIGN_IDENTITY = "iPhone Developer";
				COPY_PHASE_STRIP = NO;
				DEBUG_INFORMATION_FORMAT = dwarf;
				ENABLE_STRICT_OBJC_MSGSEND = YES;
				ENABLE_TESTABILITY = YES;
				GCC_C_LANGUAGE_STANDARD = gnu11;
				GCC_DYNAMIC_NO_PIC = NO;
				GCC_NO_COMMON_BLOCKS = YES;
				GCC_OPTIMIZATION_LEVEL = 0;
				GCC_PREPROCESSOR_DEFINITIONS = (
					"DEBUG=1",
					"$(inherited)",
				);
				GCC_WARN_64_TO_32_BIT_CONVERSION = YES;
				GCC_WARN_ABOUT_RETURN_TYPE = YES_ERROR;
				GCC_WARN_UNDECLARED_SELECTOR = YES;
				GCC_WARN_UNINITIALIZED_AUTOS = YES_AGGRESSIVE;
				GCC_WARN_UNUSED_FUNCTION = YES;
				GCC_WARN_UNUSED_VARIABLE = YES;
				IPHONEOS_DEPLOYMENT_TARGET = 11.3;
				MTL_ENABLE_DEBUG_INFO = YES;
				ONLY_ACTIVE_ARCH = YES;
				SDKROOT = iphoneos;
				SWIFT_ACTIVE_COMPILATION_CONDITIONS = DEBUG;
				SWIFT_OPTIMIZATION_LEVEL = "-Onone";
			};
			name = Debug;
		};
		B19C622B20FC138D003D8CFC /* Release */ = {
			isa = XCBuildConfiguration;
			buildSettings = {
				ALWAYS_SEARCH_USER_PATHS = NO;
				CLANG_ANALYZER_NONNULL = YES;
				CLANG_ANALYZER_NUMBER_OBJECT_CONVERSION = YES_AGGRESSIVE;
				CLANG_CXX_LANGUAGE_STANDARD = "gnu++14";
				CLANG_CXX_LIBRARY = "libc++";
				CLANG_ENABLE_MODULES = YES;
				CLANG_ENABLE_OBJC_ARC = YES;
				CLANG_ENABLE_OBJC_WEAK = YES;
				CLANG_WARN_BLOCK_CAPTURE_AUTORELEASING = YES;
				CLANG_WARN_BOOL_CONVERSION = YES;
				CLANG_WARN_COMMA = YES;
				CLANG_WARN_CONSTANT_CONVERSION = YES;
				CLANG_WARN_DEPRECATED_OBJC_IMPLEMENTATIONS = YES;
				CLANG_WARN_DIRECT_OBJC_ISA_USAGE = YES_ERROR;
				CLANG_WARN_DOCUMENTATION_COMMENTS = YES;
				CLANG_WARN_EMPTY_BODY = YES;
				CLANG_WARN_ENUM_CONVERSION = YES;
				CLANG_WARN_INFINITE_RECURSION = YES;
				CLANG_WARN_INT_CONVERSION = YES;
				CLANG_WARN_NON_LITERAL_NULL_CONVERSION = YES;
				CLANG_WARN_OBJC_IMPLICIT_RETAIN_SELF = YES;
				CLANG_WARN_OBJC_LITERAL_CONVERSION = YES;
				CLANG_WARN_OBJC_ROOT_CLASS = YES_ERROR;
				CLANG_WARN_RANGE_LOOP_ANALYSIS = YES;
				CLANG_WARN_STRICT_PROTOTYPES = YES;
				CLANG_WARN_SUSPICIOUS_MOVE = YES;
				CLANG_WARN_UNGUARDED_AVAILABILITY = YES_AGGRESSIVE;
				CLANG_WARN_UNREACHABLE_CODE = YES;
				CLANG_WARN__DUPLICATE_METHOD_MATCH = YES;
				CODE_SIGN_IDENTITY = "iPhone Developer";
				COPY_PHASE_STRIP = NO;
				DEBUG_INFORMATION_FORMAT = "dwarf-with-dsym";
				ENABLE_NS_ASSERTIONS = NO;
				ENABLE_STRICT_OBJC_MSGSEND = YES;
				GCC_C_LANGUAGE_STANDARD = gnu11;
				GCC_NO_COMMON_BLOCKS = YES;
				GCC_WARN_64_TO_32_BIT_CONVERSION = YES;
				GCC_WARN_ABOUT_RETURN_TYPE = YES_ERROR;
				GCC_WARN_UNDECLARED_SELECTOR = YES;
				GCC_WARN_UNINITIALIZED_AUTOS = YES_AGGRESSIVE;
				GCC_WARN_UNUSED_FUNCTION = YES;
				GCC_WARN_UNUSED_VARIABLE = YES;
				IPHONEOS_DEPLOYMENT_TARGET = 11.3;
				MTL_ENABLE_DEBUG_INFO = NO;
				SDKROOT = iphoneos;
				SWIFT_COMPILATION_MODE = wholemodule;
				SWIFT_OPTIMIZATION_LEVEL = "-O";
				VALIDATE_PRODUCT = YES;
			};
			name = Release;
		};
		B19C622D20FC138D003D8CFC /* Debug */ = {
			isa = XCBuildConfiguration;
			buildSettings = {
				ASSETCATALOG_COMPILER_APPICON_NAME = AppIcon;
				CODE_SIGN_STYLE = Automatic;
				DEVELOPMENT_TEAM = PNYJHCC46R;
				INFOPLIST_FILE = NetworkAPI/Info.plist;
				LD_RUNPATH_SEARCH_PATHS = (
					"$(inherited)",
					"@executable_path/Frameworks",
				);
				PRODUCT_BUNDLE_IDENTIFIER = com.vegas.NetworkAPI;
				PRODUCT_NAME = "$(TARGET_NAME)";
				SWIFT_VERSION = 4.0;
				TARGETED_DEVICE_FAMILY = "1,2";
			};
			name = Debug;
		};
		B19C622E20FC138D003D8CFC /* Release */ = {
			isa = XCBuildConfiguration;
			buildSettings = {
				ASSETCATALOG_COMPILER_APPICON_NAME = AppIcon;
				CODE_SIGN_STYLE = Automatic;
				DEVELOPMENT_TEAM = PNYJHCC46R;
				INFOPLIST_FILE = NetworkAPI/Info.plist;
				LD_RUNPATH_SEARCH_PATHS = (
					"$(inherited)",
					"@executable_path/Frameworks",
				);
				PRODUCT_BUNDLE_IDENTIFIER = com.vegas.NetworkAPI;
				PRODUCT_NAME = "$(TARGET_NAME)";
				SWIFT_VERSION = 4.0;
				TARGETED_DEVICE_FAMILY = "1,2";
			};
			name = Release;
		};
/* End XCBuildConfiguration section */

/* Begin XCConfigurationList section */
		B19C621520FC138B003D8CFC /* Build configuration list for PBXProject "NetworkAPI" */ = {
			isa = XCConfigurationList;
			buildConfigurations = (
				B19C622A20FC138D003D8CFC /* Debug */,
				B19C622B20FC138D003D8CFC /* Release */,
			);
			defaultConfigurationIsVisible = 0;
			defaultConfigurationName = Release;
		};
		B19C622C20FC138D003D8CFC /* Build configuration list for PBXNativeTarget "NetworkAPI" */ = {
			isa = XCConfigurationList;
			buildConfigurations = (
				B19C622D20FC138D003D8CFC /* Debug */,
				B19C622E20FC138D003D8CFC /* Release */,
			);
			defaultConfigurationIsVisible = 0;
			defaultConfigurationName = Release;
		};
/* End XCConfigurationList section */
	};
	rootObject = B19C621220FC138B003D8CFC /* Project object */;
}
